
Microsoft Visual Studio Solution File, Format Version 12.00
# Visual Studio 15
VisualStudioVersion = 15.0.26730.3
MinimumVisualStudioVersion = 10.0.40219.1
Project("{FAE04EC0-301F-11D3-BF4B-00C04F79EFBC}") = "DNSRouting", "DNSRouting\DNSRouting.csproj", "{D8E91928-9CB1-4FB6-BB17-FA18AEE19B8C}"
EndProject
Global
	GlobalSection(SolutionConfigurationPlatforms) = preSolution
		Debug|Any CPU = Debug|Any CPU
		Release|Any CPU = Release|Any CPU
	EndGlobalSection
	GlobalSection(ProjectConfigurationPlatforms) = postSolution
		{D8E91928-9CB1-4FB6-BB17-FA18AEE19B8C}.Debug|Any CPU.ActiveCfg = Debug|Any CPU
		{D8E91928-9CB1-4FB6-BB17-FA18AEE19B8C}.Debug|Any CPU.Build.0 = Debug|Any CPU
		{D8E91928-9CB1-4FB6-BB17-FA18AEE19B8C}.Release|Any CPU.ActiveCfg = Release|Any CPU
		{D8E91928-9CB1-4FB6-BB17-FA18AEE19B8C}.Release|Any CPU.Build.0 = Release|Any CPU
	EndGlobalSection
	GlobalSection(SolutionProperties) = preSolution
		HideSolutionNode = FALSE
	EndGlobalSection
	GlobalSection(ExtensibilityGlobals) = postSolution
		SolutionGuid = {532452A6-0E87-47D1-A439-CA3B9A705637}
	EndGlobalSection
EndGlobal
